
Microsoft Visual Studio Solution File, Format Version 12.00
# Visual Studio Version 17
VisualStudioVersion = 17.11.35222.181
MinimumVisualStudioVersion = 10.0.40219.1
Project("{9A19103F-16F7-4668-BE54-9A1E7A4F7556}") = "Clinic", "Clinic\Clinic.csproj", "{26CA83C3-5083-4494-B5FB-76951D8F0EB9}"
EndProject
Project("{FAE04EC0-301F-11D3-BF4B-00C04F79EFBC}") = "DAL", "DAL\DAL.csproj", "{B118A8ED-8681-4E26-8124-E05FDF6C1735}"
EndProject
Global
	GlobalSection(SolutionConfigurationPlatforms) = preSolution
		Debug|Any CPU = Debug|Any CPU
		Release|Any CPU = Release|Any CPU
	EndGlobalSection
	GlobalSection(ProjectConfigurationPlatforms) = postSolution
		{26CA83C3-5083-4494-B5FB-76951D8F0EB9}.Debug|Any CPU.ActiveCfg = Debug|Any CPU
		{26CA83C3-5083-4494-B5FB-76951D8F0EB9}.Debug|Any CPU.Build.0 = Debug|Any CPU
		{26CA83C3-5083-4494-B5FB-76951D8F0EB9}.Release|Any CPU.ActiveCfg = Release|Any CPU
		{26CA83C3-5083-4494-B5FB-76951D8F0EB9}.Release|Any CPU.Build.0 = Release|Any CPU
		{B118A8ED-8681-4E26-8124-E05FDF6C1735}.Debug|Any CPU.ActiveCfg = Debug|Any CPU
		{B118A8ED-8681-4E26-8124-E05FDF6C1735}.Debug|Any CPU.Build.0 = Debug|Any CPU
		{B118A8ED-8681-4E26-8124-E05FDF6C1735}.Release|Any CPU.ActiveCfg = Release|Any CPU
		{B118A8ED-8681-4E26-8124-E05FDF6C1735}.Release|Any CPU.Build.0 = Release|Any CPU
	EndGlobalSection
	GlobalSection(SolutionProperties) = preSolution
		HideSolutionNode = FALSE
	EndGlobalSection
	GlobalSection(ExtensibilityGlobals) = postSolution
		SolutionGuid = {52CC4305-DB05-44F8-AEFE-AA7B7AE91F37}
	EndGlobalSection
EndGlobal
